
Microsoft Visual Studio Solution File, Format Version 12.00
# Visual Studio 15
VisualStudioVersion = 15.0.28010.2026
MinimumVisualStudioVersion = 10.0.40219.1
Project("{FAE04EC0-301F-11D3-BF4B-00C04F79EFBC}") = "TipCalculator", "TipCalculator\TipCalculator.csproj", "{B9814E0C-DB76-47ED-A62D-2D8ACC538DF5}"
EndProject
Global
	GlobalSection(SolutionConfigurationPlatforms) = preSolution
		Debug|Any CPU = Debug|Any CPU
		Release|Any CPU = Release|Any CPU
	EndGlobalSection
	GlobalSection(ProjectConfigurationPlatforms) = postSolution
		{B9814E0C-DB76-47ED-A62D-2D8ACC538DF5}.Debug|Any CPU.ActiveCfg = Debug|Any CPU
		{B9814E0C-DB76-47ED-A62D-2D8ACC538DF5}.Debug|Any CPU.Build.0 = Debug|Any CPU
		{B9814E0C-DB76-47ED-A62D-2D8ACC538DF5}.Release|Any CPU.ActiveCfg = Release|Any CPU
		{B9814E0C-DB76-47ED-A62D-2D8ACC538DF5}.Release|Any CPU.Build.0 = Release|Any CPU
	EndGlobalSection
	GlobalSection(SolutionProperties) = preSolution
		HideSolutionNode = FALSE
	EndGlobalSection
	GlobalSection(ExtensibilityGlobals) = postSolution
		SolutionGuid = {DFE8E0DD-4AE5-42C7-A136-C4744660AB48}
	EndGlobalSection
EndGlobal
